
Microsoft Visual Studio Solution File, Format Version 12.00
# Visual Studio Version 17
VisualStudioVersion = 17.14.36203.30 d17.14
MinimumVisualStudioVersion = 10.0.40219.1
Project("{FAE04EC0-301F-11D3-BF4B-00C04F79EFBC}") = "Assignment 10.2.1", "Assignment 10.2.1.csproj", "{BD6A0EF7-1927-4EA9-9CE9-28925011BC4C}"
EndProject
Global
	GlobalSection(SolutionConfigurationPlatforms) = preSolution
		Debug|Any CPU = Debug|Any CPU
		Release|Any CPU = Release|Any CPU
	EndGlobalSection
	GlobalSection(ProjectConfigurationPlatforms) = postSolution
		{BD6A0EF7-1927-4EA9-9CE9-28925011BC4C}.Debug|Any CPU.ActiveCfg = Debug|Any CPU
		{BD6A0EF7-1927-4EA9-9CE9-28925011BC4C}.Debug|Any CPU.Build.0 = Debug|Any CPU
		{BD6A0EF7-1927-4EA9-9CE9-28925011BC4C}.Release|Any CPU.ActiveCfg = Release|Any CPU
		{BD6A0EF7-1927-4EA9-9CE9-28925011BC4C}.Release|Any CPU.Build.0 = Release|Any CPU
	EndGlobalSection
	GlobalSection(SolutionProperties) = preSolution
		HideSolutionNode = FALSE
	EndGlobalSection
	GlobalSection(ExtensibilityGlobals) = postSolution
		SolutionGuid = {2B4CF521-F27F-4165-87F0-B86D235AAE80}
	EndGlobalSection
EndGlobal
